
Microsoft Visual Studio Solution File, Format Version 12.00
# Visual Studio Version 17
VisualStudioVersion = 17.13.35806.99 d17.13
MinimumVisualStudioVersion = 10.0.40219.1
Project("{FAE04EC0-301F-11D3-BF4B-00C04F79EFBC}") = "Week9Lists", "Week9Lists\Week9Lists.csproj", "{8414584D-1FA0-4A2B-A528-4B3B1DF1A8CB}"
EndProject
Global
	GlobalSection(SolutionConfigurationPlatforms) = preSolution
		Debug|Any CPU = Debug|Any CPU
		Release|Any CPU = Release|Any CPU
	EndGlobalSection
	GlobalSection(ProjectConfigurationPlatforms) = postSolution
		{8414584D-1FA0-4A2B-A528-4B3B1DF1A8CB}.Debug|Any CPU.ActiveCfg = Debug|Any CPU
		{8414584D-1FA0-4A2B-A528-4B3B1DF1A8CB}.Debug|Any CPU.Build.0 = Debug|Any CPU
		{8414584D-1FA0-4A2B-A528-4B3B1DF1A8CB}.Release|Any CPU.ActiveCfg = Release|Any CPU
		{8414584D-1FA0-4A2B-A528-4B3B1DF1A8CB}.Release|Any CPU.Build.0 = Release|Any CPU
	EndGlobalSection
	GlobalSection(SolutionProperties) = preSolution
		HideSolutionNode = FALSE
	EndGlobalSection
	GlobalSection(ExtensibilityGlobals) = postSolution
		SolutionGuid = {AB423788-0479-48F0-8DE3-0FCF0C911646}
	EndGlobalSection
EndGlobal
